{
  "name": "general-agent-framework-mcp",
  "version": "0.1.0",
  "lockfileVersion": 3,
  "requires": true,
  "packages": {
    "": {
      "name": "general-agent-framework-mcp",
      "version": "0.1.0",
      "dependencies": {
        "chrome-devtools-mcp": "github:ChromeDevTools/chrome-devtools-mcp"
      },
      "engines": {
        "node": ">=24.0.0"
      }
    },
    "node_modules/chrome-devtools-mcp": {
      "version": "0.11.0",
      "resolved": "git+ssh://git@github.com/ChromeDevTools/chrome-devtools-mcp.git#90ed192c558d36faf9f6300be1c1fd5abd464d8a",
      "license": "Apache-2.0",
      "bin": {
        "chrome-devtools-mcp": "build/src/index.js"
      },
      "engines": {
        "node": "^20.19.0 || ^22.12.0 || >=23"
      }
    }
  }
}
